
Microsoft Visual Studio Solution File, Format Version 12.00
# Visual Studio Version 17
VisualStudioVersion = 17.12.35323.107
MinimumVisualStudioVersion = 10.0.40219.1
Project("{FAE04EC0-301F-11D3-BF4B-00C04F79EFBC}") = "WebApp", "..\src\WebApp\WebApp.csproj", "{7204BC29-B77B-4F21-A00B-33EA86FECA7D}"
EndProject
Project("{FAE04EC0-301F-11D3-BF4B-00C04F79EFBC}") = "EmailWorkerService", "src\EmailWorkerService\EmailWorkerService.csproj", "{C03B4180-5380-42D8-8985-3A43B814A9ED}"
EndProject
Global
	GlobalSection(SolutionConfigurationPlatforms) = preSolution
		Debug|Any CPU = Debug|Any CPU
		Release|Any CPU = Release|Any CPU
	EndGlobalSection
	GlobalSection(ProjectConfigurationPlatforms) = postSolution
		{7204BC29-B77B-4F21-A00B-33EA86FECA7D}.Debug|Any CPU.ActiveCfg = Debug|Any CPU
		{7204BC29-B77B-4F21-A00B-33EA86FECA7D}.Debug|Any CPU.Build.0 = Debug|Any CPU
		{7204BC29-B77B-4F21-A00B-33EA86FECA7D}.Release|Any CPU.ActiveCfg = Release|Any CPU
		{7204BC29-B77B-4F21-A00B-33EA86FECA7D}.Release|Any CPU.Build.0 = Release|Any CPU
		{C03B4180-5380-42D8-8985-3A43B814A9ED}.Debug|Any CPU.ActiveCfg = Debug|Any CPU
		{C03B4180-5380-42D8-8985-3A43B814A9ED}.Debug|Any CPU.Build.0 = Debug|Any CPU
		{C03B4180-5380-42D8-8985-3A43B814A9ED}.Release|Any CPU.ActiveCfg = Release|Any CPU
		{C03B4180-5380-42D8-8985-3A43B814A9ED}.Release|Any CPU.Build.0 = Release|Any CPU
	EndGlobalSection
	GlobalSection(SolutionProperties) = preSolution
		HideSolutionNode = FALSE
	EndGlobalSection
	GlobalSection(ExtensibilityGlobals) = postSolution
		SolutionGuid = {BFF3816A-0D8C-4B00-B32D-BB10D222B03E}
	EndGlobalSection
EndGlobal
